// !$*UTF8*$!
{
	archiveVersion = 1;
	classes = {
	};
	objectVersion = 46;
	objects = {

/* Begin PBXBuildFile section */
		CE0D41F81723D42700B5F315 /* Utilities.mm in Sources */ = {isa = PBXBuildFile; fileRef = CE0D41F71723D42700B5F315 /* Utilities.mm */; };
		CE0D41FF1723F06400B5F315 /* Nguyen Ba Phuoc.png in Resources */ = {isa = PBXBuildFile; fileRef = CE0D41FE1723F06400B5F315 /* Nguyen Ba Phuoc.png */; };
		CE0D42121723F22700B5F315 /* bitstream.c in Sources */ = {isa = PBXBuildFile; fileRef = CE0D42021723F22700B5F315 /* bitstream.c */; };
		CE0D42131723F22700B5F315 /* mask.c in Sources */ = {isa = PBXBuildFile; fileRef = CE0D42041723F22700B5F315 /* mask.c */; };
		CE0D42141723F22700B5F315 /* qrencode.c in Sources */ = {isa = PBXBuildFile; fileRef = CE0D42061723F22700B5F315 /* qrencode.c */; };
		CE0D42151723F22700B5F315 /* qrinput.c in Sources */ = {isa = PBXBuildFile; fileRef = CE0D42081723F22700B5F315 /* qrinput.c */; };
		CE0D42161723F22700B5F315 /* qrspec.c in Sources */ = {isa = PBXBuildFile; fileRef = CE0D420A1723F22700B5F315 /* qrspec.c */; };
		CE0D42171723F22700B5F315 /* rscode.c in Sources */ = {isa = PBXBuildFile; fileRef = CE0D420C1723F22700B5F315 /* rscode.c */; };
		CE0D42181723F22700B5F315 /* split.c in Sources */ = {isa = PBXBuildFile; fileRef = CE0D420E1723F22700B5F315 /* split.c */; };
		CE0D42191723F22700B5F315 /* QRCodeGenerator.m in Sources */ = {isa = PBXBuildFile; fileRef = CE0D42111723F22700B5F315 /* QRCodeGenerator.m */; };
		CE7D7A361722D092003A7D22 /* images.jpeg in Resources */ = {isa = PBXBuildFile; fileRef = CE7D7A351722D092003A7D22 /* images.jpeg */; };
		CE7D7A381722D11B003A7D22 /* images-1.jpeg in Resources */ = {isa = PBXBuildFile; fileRef = CE7D7A371722D11B003A7D22 /* images-1.jpeg */; };
		CE7D7A4D1722D2F4003A7D22 /* images-2.jpeg in Resources */ = {isa = PBXBuildFile; fileRef = CE7D7A391722D2F3003A7D22 /* images-2.jpeg */; };
		CE7D7A4E1722D2F4003A7D22 /* images-3.jpeg in Resources */ = {isa = PBXBuildFile; fileRef = CE7D7A3A1722D2F3003A7D22 /* images-3.jpeg */; };
		CE7D7A4F1722D2F4003A7D22 /* images-4.jpeg in Resources */ = {isa = PBXBuildFile; fileRef = CE7D7A3B1722D2F3003A7D22 /* images-4.jpeg */; };
		CE7D7A501722D2F4003A7D22 /* images-5.jpeg in Resources */ = {isa = PBXBuildFile; fileRef = CE7D7A3C1722D2F3003A7D22 /* images-5.jpeg */; };
		CE7D7A511722D2F4003A7D22 /* images-6.jpeg in Resources */ = {isa = PBXBuildFile; fileRef = CE7D7A3D1722D2F3003A7D22 /* images-6.jpeg */; };
		CE7D7A521722D2F4003A7D22 /* images-7.jpeg in Resources */ = {isa = PBXBuildFile; fileRef = CE7D7A3E1722D2F3003A7D22 /* images-7.jpeg */; };
		CE7D7A531722D2F4003A7D22 /* images-8.jpeg in Resources */ = {isa = PBXBuildFile; fileRef = CE7D7A3F1722D2F3003A7D22 /* images-8.jpeg */; };
		CE7D7A541722D2F4003A7D22 /* images-9.jpeg in Resources */ = {isa = PBXBuildFile; fileRef = CE7D7A401722D2F3003A7D22 /* images-9.jpeg */; };
		CE7D7A551722D2F4003A7D22 /* images-10.jpeg in Resources */ = {isa = PBXBuildFile; fileRef = CE7D7A411722D2F3003A7D22 /* images-10.jpeg */; };
		CE7D7A561722D2F4003A7D22 /* images-11.jpeg in Resources */ = {isa = PBXBuildFile; fileRef = CE7D7A421722D2F3003A7D22 /* images-11.jpeg */; };
		CE7D7A571722D2F4003A7D22 /* images-12.jpeg in Resources */ = {isa = PBXBuildFile; fileRef = CE7D7A431722D2F3003A7D22 /* images-12.jpeg */; };
		CE7D7A581722D2F4003A7D22 /* images-13.jpeg in Resources */ = {isa = PBXBuildFile; fileRef = CE7D7A441722D2F3003A7D22 /* images-13.jpeg */; };
		CE7D7A591722D2F4003A7D22 /* images-14.jpeg in Resources */ = {isa = PBXBuildFile; fileRef = CE7D7A451722D2F4003A7D22 /* images-14.jpeg */; };
		CE7D7A5A1722D2F4003A7D22 /* images-15.jpeg in Resources */ = {isa = PBXBuildFile; fileRef = CE7D7A461722D2F4003A7D22 /* images-15.jpeg */; };
		CE7D7A5B1722D2F4003A7D22 /* images-16.jpeg in Resources */ = {isa = PBXBuildFile; fileRef = CE7D7A471722D2F4003A7D22 /* images-16.jpeg */; };
		CE7D7A5C1722D2F4003A7D22 /* images-17.jpeg in Resources */ = {isa = PBXBuildFile; fileRef = CE7D7A481722D2F4003A7D22 /* images-17.jpeg */; };
		CE7D7A5D1722D2F4003A7D22 /* images-18.jpeg in Resources */ = {isa = PBXBuildFile; fileRef = CE7D7A491722D2F4003A7D22 /* images-18.jpeg */; };
		CE7D7A5E1722D2F4003A7D22 /* images-19.jpeg in Resources */ = {isa = PBXBuildFile; fileRef = CE7D7A4A1722D2F4003A7D22 /* images-19.jpeg */; };
		CE7D7A5F1722D2F4003A7D22 /* images-20.jpeg in Resources */ = {isa = PBXBuildFile; fileRef = CE7D7A4B1722D2F4003A7D22 /* images-20.jpeg */; };
		CE7D7A601722D2F4003A7D22 /* images-21.jpeg in Resources */ = {isa = PBXBuildFile; fileRef = CE7D7A4C1722D2F4003A7D22 /* images-21.jpeg */; };
		CEBF433517227E1B00307DE0 /* UIKit.framework in Frameworks */ = {isa = PBXBuildFile; fileRef = CEBF433417227E1B00307DE0 /* UIKit.framework */; };
		CEBF433717227E1B00307DE0 /* Foundation.framework in Frameworks */ = {isa = PBXBuildFile; fileRef = CEBF433617227E1B00307DE0 /* Foundation.framework */; };
		CEBF433917227E1B00307DE0 /* CoreGraphics.framework in Frameworks */ = {isa = PBXBuildFile; fileRef = CEBF433817227E1B00307DE0 /* CoreGraphics.framework */; };
		CEBF433F17227E1B00307DE0 /* InfoPlist.strings in Resources */ = {isa = PBXBuildFile; fileRef = CEBF433D17227E1B00307DE0 /* InfoPlist.strings */; };
		CEBF434117227E1B00307DE0 /* main.m in Sources */ = {isa = PBXBuildFile; fileRef = CEBF434017227E1B00307DE0 /* main.m */; };
		CEBF435117227E1B00307DE0 /* ViewController_iPhone.xib in Resources */ = {isa = PBXBuildFile; fileRef = CEBF434F17227E1B00307DE0 /* ViewController_iPhone.xib */; };
		CEBF435417227E1B00307DE0 /* ViewController_iPad.xib in Resources */ = {isa = PBXBuildFile; fileRef = CEBF435217227E1B00307DE0 /* ViewController_iPad.xib */; };
		CEBF436A17227E9900307DE0 /* Default-568h@2x.png in Resources */ = {isa = PBXBuildFile; fileRef = CEBF436017227E9900307DE0 /* Default-568h@2x.png */; };
		CEBF436B17227E9900307DE0 /* Default.png in Resources */ = {isa = PBXBuildFile; fileRef = CEBF436117227E9900307DE0 /* Default.png */; };
		CEBF436C17227E9900307DE0 /* Default@2x.png in Resources */ = {isa = PBXBuildFile; fileRef = CEBF436217227E9900307DE0 /* Default@2x.png */; };
		CEBF436E17227E9900307DE0 /* AppDelegate.mm in Sources */ = {isa = PBXBuildFile; fileRef = CEBF436717227E9900307DE0 /* AppDelegate.mm */; };
		CEBF436F17227E9900307DE0 /* ViewController.mm in Sources */ = {isa = PBXBuildFile; fileRef = CEBF436917227E9900307DE0 /* ViewController.mm */; };
		CEBF59D61722806000307DE0 /* libZXingWidget.a in Frameworks */ = {isa = PBXBuildFile; fileRef = CEBF59D51722806000307DE0 /* libZXingWidget.a */; };
		CEBF59EC1722B9D000307DE0 /* james_goodhouse_profile_qrcode.png in Resources */ = {isa = PBXBuildFile; fileRef = CEBF59E81722B9D000307DE0 /* james_goodhouse_profile_qrcode.png */; };
		CEBF59ED1722B9D000307DE0 /* qr-code.jpg in Resources */ = {isa = PBXBuildFile; fileRef = CEBF59E91722B9D000307DE0 /* qr-code.jpg */; };
		CEBF59EE1722B9D000307DE0 /* qrcode-nguyenBaPhuoc.png in Resources */ = {isa = PBXBuildFile; fileRef = CEBF59EA1722B9D000307DE0 /* qrcode-nguyenBaPhuoc.png */; };
		CEBF59EF1722B9D000307DE0 /* QRcodeINDIA.gif in Resources */ = {isa = PBXBuildFile; fileRef = CEBF59EB1722B9D000307DE0 /* QRcodeINDIA.gif */; };
		CEBF59F21722BC8200307DE0 /* AddressBook.framework in Frameworks */ = {isa = PBXBuildFile; fileRef = CEBF59F01722BC8200307DE0 /* AddressBook.framework */; };
		CEBF59F31722BC8200307DE0 /* AddressBookUI.framework in Frameworks */ = {isa = PBXBuildFile; fileRef = CEBF59F11722BC8200307DE0 /* AddressBookUI.framework */; };
		CEBF59F51722BC9500307DE0 /* AudioToolbox.framework in Frameworks */ = {isa = PBXBuildFile; fileRef = CEBF59F41722BC9500307DE0 /* AudioToolbox.framework */; };
		CEBF59F91722BCCD00307DE0 /* AVFoundation.framework in Frameworks */ = {isa = PBXBuildFile; fileRef = CEBF59F81722BCCD00307DE0 /* AVFoundation.framework */; };
		CEBF59FB1722BCDE00307DE0 /* CoreMedia.framework in Frameworks */ = {isa = PBXBuildFile; fileRef = CEBF59FA1722BCDE00307DE0 /* CoreMedia.framework */; };
		CEBF59FD1722BCE500307DE0 /* CoreVideo.framework in Frameworks */ = {isa = PBXBuildFile; fileRef = CEBF59FC1722BCE500307DE0 /* CoreVideo.framework */; };
		CEBF59FF1722BCF300307DE0 /* libiconv.dylib in Frameworks */ = {isa = PBXBuildFile; fileRef = CEBF59FE1722BCF300307DE0 /* libiconv.dylib */; };
		CED4707917239F2500115CC1 /* FileManager.mm in Sources */ = {isa = PBXBuildFile; fileRef = CED4707817239F2500115CC1 /* FileManager.mm */; };
		CED4707C1723A18100115CC1 /* CustomeImageView.m in Sources */ = {isa = PBXBuildFile; fileRef = CED4707B1723A18100115CC1 /* CustomeImageView.m */; };
/* End PBXBuildFile section */

/* Begin PBXContainerItemProxy section */
		CE0D436817242E3D00B5F315 /* PBXContainerItemProxy */ = {
			isa = PBXContainerItemProxy;
			containerPortal = CEBF59C517227FE700307DE0 /* ZXingWidget.xcodeproj */;
			proxyType = 1;
			remoteGlobalIDString = D2AAC07D0554694100DB518D;
			remoteInfo = ZXingWidget;
		};
		CEBF59E21722A9D200307DE0 /* PBXContainerItemProxy */ = {
			isa = PBXContainerItemProxy;
			containerPortal = CEBF59C517227FE700307DE0 /* ZXingWidget.xcodeproj */;
			proxyType = 2;
			remoteGlobalIDString = D2AAC07E0554694100DB518D;
			remoteInfo = ZXingWidget;
		};
		CEBF59E41722A9D200307DE0 /* PBXContainerItemProxy */ = {
			isa = PBXContainerItemProxy;
			containerPortal = CEBF59C517227FE700307DE0 /* ZXingWidget.xcodeproj */;
			proxyType = 2;
			remoteGlobalIDString = 1D60398D13DF7CAD006F4B51;
			remoteInfo = ZXingTests;
		};
/* End PBXContainerItemProxy section */

/* Begin PBXFileReference section */
		CE0D41F61723D42700B5F315 /* Utilities.h */ = {isa = PBXFileReference; fileEncoding = 4; lastKnownFileType = sourcecode.c.h; path = Utilities.h; sourceTree = "<group>"; };
		CE0D41F71723D42700B5F315 /* Utilities.mm */ = {isa = PBXFileReference; fileEncoding = 4; lastKnownFileType = sourcecode.cpp.objcpp; path = Utilities.mm; sourceTree = "<group>"; };
		CE0D41FE1723F06400B5F315 /* Nguyen Ba Phuoc.png */ = {isa = PBXFileReference; lastKnownFileType = image.png; path = "Nguyen Ba Phuoc.png"; sourceTree = "<group>"; };
		CE0D42021723F22700B5F315 /* bitstream.c */ = {isa = PBXFileReference; fileEncoding = 4; lastKnownFileType = sourcecode.c.c; path = bitstream.c; sourceTree = "<group>"; };
		CE0D42031723F22700B5F315 /* bitstream.h */ = {isa = PBXFileReference; fileEncoding = 4; lastKnownFileType = sourcecode.c.h; path = bitstream.h; sourceTree = "<group>"; };
		CE0D42041723F22700B5F315 /* mask.c */ = {isa = PBXFileReference; fileEncoding = 4; lastKnownFileType = sourcecode.c.c; path = mask.c; sourceTree = "<group>"; };
		CE0D42051723F22700B5F315 /* mask.h */ = {isa = PBXFileReference; fileEncoding = 4; lastKnownFileType = sourcecode.c.h; path = mask.h; sourceTree = "<group>"; };
		CE0D42061723F22700B5F315 /* qrencode.c */ = {isa = PBXFileReference; fileEncoding = 4; lastKnownFileType = sourcecode.c.c; path = qrencode.c; sourceTree = "<group>"; };
		CE0D42071723F22700B5F315 /* qrencode.h */ = {isa = PBXFileReference; fileEncoding = 4; lastKnownFileType = sourcecode.c.h; path = qrencode.h; sourceTree = "<group>"; };
		CE0D42081723F22700B5F315 /* qrinput.c */ = {isa = PBXFileReference; fileEncoding = 4; lastKnownFileType = sourcecode.c.c; path = qrinput.c; sourceTree = "<group>"; };
		CE0D42091723F22700B5F315 /* qrinput.h */ = {isa = PBXFileReference; fileEncoding = 4; lastKnownFileType = sourcecode.c.h; path = qrinput.h; sourceTree = "<group>"; };
		CE0D420A1723F22700B5F315 /* qrspec.c */ = {isa = PBXFileReference; fileEncoding = 4; lastKnownFileType = sourcecode.c.c; path = qrspec.c; sourceTree = "<group>"; };
		CE0D420B1723F22700B5F315 /* qrspec.h */ = {isa = PBXFileReference; fileEncoding = 4; lastKnownFileType = sourcecode.c.h; path = qrspec.h; sourceTree = "<group>"; };
		CE0D420C1723F22700B5F315 /* rscode.c */ = {isa = PBXFileReference; fileEncoding = 4; lastKnownFileType = sourcecode.c.c; path = rscode.c; sourceTree = "<group>"; };
		CE0D420D1723F22700B5F315 /* rscode.h */ = {isa = PBXFileReference; fileEncoding = 4; lastKnownFileType = sourcecode.c.h; path = rscode.h; sourceTree = "<group>"; };
		CE0D420E1723F22700B5F315 /* split.c */ = {isa = PBXFileReference; fileEncoding = 4; lastKnownFileType = sourcecode.c.c; path = split.c; sourceTree = "<group>"; };
		CE0D420F1723F22700B5F315 /* split.h */ = {isa = PBXFileReference; fileEncoding = 4; lastKnownFileType = sourcecode.c.h; path = split.h; sourceTree = "<group>"; };
		CE0D42101723F22700B5F315 /* QRCodeGenerator.h */ = {isa = PBXFileReference; fileEncoding = 4; lastKnownFileType = sourcecode.c.h; path = QRCodeGenerator.h; sourceTree = "<group>"; };
		CE0D42111723F22700B5F315 /* QRCodeGenerator.m */ = {isa = PBXFileReference; fileEncoding = 4; lastKnownFileType = sourcecode.c.objc; path = QRCodeGenerator.m; sourceTree = "<group>"; };
		CE7D7A351722D092003A7D22 /* images.jpeg */ = {isa = PBXFileReference; lastKnownFileType = image.jpeg; path = images.jpeg; sourceTree = "<group>"; };
		CE7D7A371722D11B003A7D22 /* images-1.jpeg */ = {isa = PBXFileReference; lastKnownFileType = image.jpeg; path = "images-1.jpeg"; sourceTree = "<group>"; };
		CE7D7A391722D2F3003A7D22 /* images-2.jpeg */ = {isa = PBXFileReference; lastKnownFileType = image.jpeg; path = "images-2.jpeg"; sourceTree = "<group>"; };
		CE7D7A3A1722D2F3003A7D22 /* images-3.jpeg */ = {isa = PBXFileReference; lastKnownFileType = image.jpeg; path = "images-3.jpeg"; sourceTree = "<group>"; };
		CE7D7A3B1722D2F3003A7D22 /* images-4.jpeg */ = {isa = PBXFileReference; lastKnownFileType = image.jpeg; path = "images-4.jpeg"; sourceTree = "<group>"; };
		CE7D7A3C1722D2F3003A7D22 /* images-5.jpeg */ = {isa = PBXFileReference; lastKnownFileType = image.jpeg; path = "images-5.jpeg"; sourceTree = "<group>"; };
		CE7D7A3D1722D2F3003A7D22 /* images-6.jpeg */ = {isa = PBXFileReference; lastKnownFileType = image.jpeg; path = "images-6.jpeg"; sourceTree = "<group>"; };
		CE7D7A3E1722D2F3003A7D22 /* images-7.jpeg */ = {isa = PBXFileReference; lastKnownFileType = image.jpeg; path = "images-7.jpeg"; sourceTree = "<group>"; };
		CE7D7A3F1722D2F3003A7D22 /* images-8.jpeg */ = {isa = PBXFileReference; lastKnownFileType = image.jpeg; path = "images-8.jpeg"; sourceTree = "<group>"; };
		CE7D7A401722D2F3003A7D22 /* images-9.jpeg */ = {isa = PBXFileReference; lastKnownFileType = image.jpeg; path = "images-9.jpeg"; sourceTree = "<group>"; };
		CE7D7A411722D2F3003A7D22 /* images-10.jpeg */ = {isa = PBXFileReference; lastKnownFileType = image.jpeg; path = "images-10.jpeg"; sourceTree = "<group>"; };
		CE7D7A421722D2F3003A7D22 /* images-11.jpeg */ = {isa = PBXFileReference; lastKnownFileType = image.jpeg; path = "images-11.jpeg"; sourceTree = "<group>"; };
		CE7D7A431722D2F3003A7D22 /* images-12.jpeg */ = {isa = PBXFileReference; lastKnownFileType = image.jpeg; path = "images-12.jpeg"; sourceTree = "<group>"; };
		CE7D7A441722D2F3003A7D22 /* images-13.jpeg */ = {isa = PBXFileReference; lastKnownFileType = image.jpeg; path = "images-13.jpeg"; sourceTree = "<group>"; };
		CE7D7A451722D2F4003A7D22 /* images-14.jpeg */ = {isa = PBXFileReference; lastKnownFileType = image.jpeg; path = "images-14.jpeg"; sourceTree = "<group>"; };
		CE7D7A461722D2F4003A7D22 /* images-15.jpeg */ = {isa = PBXFileReference; lastKnownFileType = image.jpeg; path = "images-15.jpeg"; sourceTree = "<group>"; };
		CE7D7A471722D2F4003A7D22 /* images-16.jpeg */ = {isa = PBXFileReference; lastKnownFileType = image.jpeg; path = "images-16.jpeg"; sourceTree = "<group>"; };
		CE7D7A481722D2F4003A7D22 /* images-17.jpeg */ = {isa = PBXFileReference; lastKnownFileType = image.jpeg; path = "images-17.jpeg"; sourceTree = "<group>"; };
		CE7D7A491722D2F4003A7D22 /* images-18.jpeg */ = {isa = PBXFileReference; lastKnownFileType = image.jpeg; path = "images-18.jpeg"; sourceTree = "<group>"; };
		CE7D7A4A1722D2F4003A7D22 /* images-19.jpeg */ = {isa = PBXFileReference; lastKnownFileType = image.jpeg; path = "images-19.jpeg"; sourceTree = "<group>"; };
		CE7D7A4B1722D2F4003A7D22 /* images-20.jpeg */ = {isa = PBXFileReference; lastKnownFileType = image.jpeg; path = "images-20.jpeg"; sourceTree = "<group>"; };
		CE7D7A4C1722D2F4003A7D22 /* images-21.jpeg */ = {isa = PBXFileReference; lastKnownFileType = image.jpeg; path = "images-21.jpeg"; sourceTree = "<group>"; };
		CEBF433017227E1B00307DE0 /* QRCode.app */ = {isa = PBXFileReference; explicitFileType = wrapper.application; includeInIndex = 0; path = QRCode.app; sourceTree = BUILT_PRODUCTS_DIR; };
		CEBF433417227E1B00307DE0 /* UIKit.framework */ = {isa = PBXFileReference; lastKnownFileType = wrapper.framework; name = UIKit.framework; path = System/Library/Frameworks/UIKit.framework; sourceTree = SDKROOT; };
		CEBF433617227E1B00307DE0 /* Foundation.framework */ = {isa = PBXFileReference; lastKnownFileType = wrapper.framework; name = Foundation.framework; path = System/Library/Frameworks/Foundation.framework; sourceTree = SDKROOT; };
		CEBF433817227E1B00307DE0 /* CoreGraphics.framework */ = {isa = PBXFileReference; lastKnownFileType = wrapper.framework; name = CoreGraphics.framework; path = System/Library/Frameworks/CoreGraphics.framework; sourceTree = SDKROOT; };
		CEBF433E17227E1B00307DE0 /* en */ = {isa = PBXFileReference; lastKnownFileType = text.plist.strings; name = en; path = en.lproj/InfoPlist.strings; sourceTree = "<group>"; };
		CEBF434017227E1B00307DE0 /* main.m */ = {isa = PBXFileReference; lastKnownFileType = sourcecode.c.objc; path = main.m; sourceTree = "<group>"; };
		CEBF434217227E1B00307DE0 /* QRCode-Prefix.pch */ = {isa = PBXFileReference; lastKnownFileType = sourcecode.c.h; path = "QRCode-Prefix.pch"; sourceTree = "<group>"; };
		CEBF435017227E1B00307DE0 /* en */ = {isa = PBXFileReference; lastKnownFileType = file.xib; name = en; path = en.lproj/ViewController_iPhone.xib; sourceTree = "<group>"; };
		CEBF435317227E1B00307DE0 /* en */ = {isa = PBXFileReference; lastKnownFileType = file.xib; name = en; path = en.lproj/ViewController_iPad.xib; sourceTree = "<group>"; };
		CEBF436017227E9900307DE0 /* Default-568h@2x.png */ = {isa = PBXFileReference; lastKnownFileType = image.png; path = "Default-568h@2x.png"; sourceTree = "<group>"; };
		CEBF436117227E9900307DE0 /* Default.png */ = {isa = PBXFileReference; lastKnownFileType = image.png; path = Default.png; sourceTree = "<group>"; };
		CEBF436217227E9900307DE0 /* Default@2x.png */ = {isa = PBXFileReference; lastKnownFileType = image.png; path = "Default@2x.png"; sourceTree = "<group>"; };
		CEBF436317227E9900307DE0 /* QRCode-Info.plist */ = {isa = PBXFileReference; fileEncoding = 4; lastKnownFileType = text.plist.xml; path = "QRCode-Info.plist"; sourceTree = "<group>"; };
		CEBF436617227E9900307DE0 /* AppDelegate.h */ = {isa = PBXFileReference; fileEncoding = 4; lastKnownFileType = sourcecode.c.h; path = AppDelegate.h; sourceTree = "<group>"; };
		CEBF436717227E9900307DE0 /* AppDelegate.mm */ = {isa = PBXFileReference; fileEncoding = 4; lastKnownFileType = sourcecode.cpp.objcpp; path = AppDelegate.mm; sourceTree = "<group>"; };
		CEBF436817227E9900307DE0 /* ViewController.h */ = {isa = PBXFileReference; fileEncoding = 4; lastKnownFileType = sourcecode.c.h; path = ViewController.h; sourceTree = "<group>"; };
		CEBF436917227E9900307DE0 /* ViewController.mm */ = {isa = PBXFileReference; fileEncoding = 4; lastKnownFileType = sourcecode.cpp.objcpp; path = ViewController.mm; sourceTree = "<group>"; };
		CEBF59C517227FE700307DE0 /* ZXingWidget.xcodeproj */ = {isa = PBXFileReference; lastKnownFileType = "wrapper.pb-project"; name = ZXingWidget.xcodeproj; path = zxing/iphone/ZXingWidget/ZXingWidget.xcodeproj; sourceTree = "<group>"; };
		CEBF59D51722806000307DE0 /* libZXingWidget.a */ = {isa = PBXFileReference; lastKnownFileType = archive.ar; name = libZXingWidget.a; path = "QRCode/Libs/zxing/iphone/ZXingWidget/build/Release-iphoneos/libZXingWidget.a"; sourceTree = "<group>"; };
		CEBF59E81722B9D000307DE0 /* james_goodhouse_profile_qrcode.png */ = {isa = PBXFileReference; lastKnownFileType = image.png; path = james_goodhouse_profile_qrcode.png; sourceTree = "<group>"; };
		CEBF59E91722B9D000307DE0 /* qr-code.jpg */ = {isa = PBXFileReference; lastKnownFileType = image.jpeg; path = "qr-code.jpg"; sourceTree = "<group>"; };
		CEBF59EA1722B9D000307DE0 /* qrcode-nguyenBaPhuoc.png */ = {isa = PBXFileReference; lastKnownFileType = image.png; path = "qrcode-nguyenBaPhuoc.png"; sourceTree = "<group>"; };
		CEBF59EB1722B9D000307DE0 /* QRcodeINDIA.gif */ = {isa = PBXFileReference; lastKnownFileType = image.gif; path = QRcodeINDIA.gif; sourceTree = "<group>"; };
		CEBF59F01722BC8200307DE0 /* AddressBook.framework */ = {isa = PBXFileReference; lastKnownFileType = wrapper.framework; name = AddressBook.framework; path = System/Library/Frameworks/AddressBook.framework; sourceTree = SDKROOT; };
		CEBF59F11722BC8200307DE0 /* AddressBookUI.framework */ = {isa = PBXFileReference; lastKnownFileType = wrapper.framework; name = AddressBookUI.framework; path = System/Library/Frameworks/AddressBookUI.framework; sourceTree = SDKROOT; };
		CEBF59F41722BC9500307DE0 /* AudioToolbox.framework */ = {isa = PBXFileReference; lastKnownFileType = wrapper.framework; name = AudioToolbox.framework; path = System/Library/Frameworks/AudioToolbox.framework; sourceTree = SDKROOT; };
		CEBF59F81722BCCD00307DE0 /* AVFoundation.framework */ = {isa = PBXFileReference; lastKnownFileType = wrapper.framework; name = AVFoundation.framework; path = System/Library/Frameworks/AVFoundation.framework; sourceTree = SDKROOT; };
		CEBF59FA1722BCDE00307DE0 /* CoreMedia.framework */ = {isa = PBXFileReference; lastKnownFileType = wrapper.framework; name = CoreMedia.framework; path = System/Library/Frameworks/CoreMedia.framework; sourceTree = SDKROOT; };
		CEBF59FC1722BCE500307DE0 /* CoreVideo.framework */ = {isa = PBXFileReference; lastKnownFileType = wrapper.framework; name = CoreVideo.framework; path = System/Library/Frameworks/CoreVideo.framework; sourceTree = SDKROOT; };
		CEBF59FE1722BCF300307DE0 /* libiconv.dylib */ = {isa = PBXFileReference; lastKnownFileType = "compiled.mach-o.dylib"; name = libiconv.dylib; path = usr/lib/libiconv.dylib; sourceTree = SDKROOT; };
		CED4707717239F2500115CC1 /* FileManager.h */ = {isa = PBXFileReference; fileEncoding = 4; lastKnownFileType = sourcecode.c.h; path = FileManager.h; sourceTree = "<group>"; };
		CED4707817239F2500115CC1 /* FileManager.mm */ = {isa = PBXFileReference; fileEncoding = 4; lastKnownFileType = sourcecode.cpp.objcpp; path = FileManager.mm; sourceTree = "<group>"; };
		CED4707A1723A18100115CC1 /* CustomeImageView.h */ = {isa = PBXFileReference; fileEncoding = 4; lastKnownFileType = sourcecode.c.h; path = CustomeImageView.h; sourceTree = "<group>"; };
		CED4707B1723A18100115CC1 /* CustomeImageView.m */ = {isa = PBXFileReference; fileEncoding = 4; lastKnownFileType = sourcecode.c.objc; path = CustomeImageView.m; sourceTree = "<group>"; };
/* End PBXFileReference section */

/* Begin PBXFrameworksBuildPhase section */
		CEBF432D17227E1B00307DE0 /* Frameworks */ = {
			isa = PBXFrameworksBuildPhase;
			buildActionMask = 2147483647;
			files = (
				CEBF59FF1722BCF300307DE0 /* libiconv.dylib in Frameworks */,
				CEBF59FD1722BCE500307DE0 /* CoreVideo.framework in Frameworks */,
				CEBF59FB1722BCDE00307DE0 /* CoreMedia.framework in Frameworks */,
				CEBF59F91722BCCD00307DE0 /* AVFoundation.framework in Frameworks */,
				CEBF59F51722BC9500307DE0 /* AudioToolbox.framework in Frameworks */,
				CEBF59F21722BC8200307DE0 /* AddressBook.framework in Frameworks */,
				CEBF59F31722BC8200307DE0 /* AddressBookUI.framework in Frameworks */,
				CEBF59D61722806000307DE0 /* libZXingWidget.a in Frameworks */,
				CEBF433517227E1B00307DE0 /* UIKit.framework in Frameworks */,
				CEBF433717227E1B00307DE0 /* Foundation.framework in Frameworks */,
				CEBF433917227E1B00307DE0 /* CoreGraphics.framework in Frameworks */,
			);
			runOnlyForDeploymentPostprocessing = 0;
		};
/* End PBXFrameworksBuildPhase section */

/* Begin PBXGroup section */
		CE0D42001723F22700B5F315 /* qrencode */ = {
			isa = PBXGroup;
			children = (
				CE0D42011723F22700B5F315 /* core */,
				CE0D42101723F22700B5F315 /* QRCodeGenerator.h */,
				CE0D42111723F22700B5F315 /* QRCodeGenerator.m */,
			);
			path = qrencode;
			sourceTree = "<group>";
		};
		CE0D42011723F22700B5F315 /* core */ = {
			isa = PBXGroup;
			children = (
				CE0D42021723F22700B5F315 /* bitstream.c */,
				CE0D42031723F22700B5F315 /* bitstream.h */,
				CE0D42041723F22700B5F315 /* mask.c */,
				CE0D42051723F22700B5F315 /* mask.h */,
				CE0D42061723F22700B5F315 /* qrencode.c */,
				CE0D42071723F22700B5F315 /* qrencode.h */,
				CE0D42081723F22700B5F315 /* qrinput.c */,
				CE0D42091723F22700B5F315 /* qrinput.h */,
				CE0D420A1723F22700B5F315 /* qrspec.c */,
				CE0D420B1723F22700B5F315 /* qrspec.h */,
				CE0D420C1723F22700B5F315 /* rscode.c */,
				CE0D420D1723F22700B5F315 /* rscode.h */,
				CE0D420E1723F22700B5F315 /* split.c */,
				CE0D420F1723F22700B5F315 /* split.h */,
			);
			path = core;
			sourceTree = "<group>";
		};
		CEBF432517227E1B00307DE0 = {
			isa = PBXGroup;
			children = (
				CEBF433A17227E1B00307DE0 /* QRCode */,
				CEBF436417227E9900307DE0 /* Libs */,
				CEBF433317227E1B00307DE0 /* Frameworks */,
				CEBF433117227E1B00307DE0 /* Products */,
			);
			sourceTree = "<group>";
		};
		CEBF433117227E1B00307DE0 /* Products */ = {
			isa = PBXGroup;
			children = (
				CEBF433017227E1B00307DE0 /* QRCode.app */,
			);
			name = Products;
			sourceTree = "<group>";
		};
		CEBF433317227E1B00307DE0 /* Frameworks */ = {
			isa = PBXGroup;
			children = (
				CEBF59FE1722BCF300307DE0 /* libiconv.dylib */,
				CEBF59FC1722BCE500307DE0 /* CoreVideo.framework */,
				CEBF59FA1722BCDE00307DE0 /* CoreMedia.framework */,
				CEBF59F81722BCCD00307DE0 /* AVFoundation.framework */,
				CEBF59F41722BC9500307DE0 /* AudioToolbox.framework */,
				CEBF59F01722BC8200307DE0 /* AddressBook.framework */,
				CEBF59F11722BC8200307DE0 /* AddressBookUI.framework */,
				CEBF59D51722806000307DE0 /* libZXingWidget.a */,
				CEBF433417227E1B00307DE0 /* UIKit.framework */,
				CEBF433617227E1B00307DE0 /* Foundation.framework */,
				CEBF433817227E1B00307DE0 /* CoreGraphics.framework */,
			);
			name = Frameworks;
			sourceTree = "<group>";
		};
		CEBF433A17227E1B00307DE0 /* QRCode */ = {
			isa = PBXGroup;
			children = (
				CEBF59E71722B9D000307DE0 /* testData */,
				CEBF436517227E9900307DE0 /* scr */,
				CEBF437017227F1600307DE0 /* xib */,
				CEBF435F17227E9900307DE0 /* AppInfo */,
				CEBF433B17227E1B00307DE0 /* Supporting Files */,
			);
			path = QRCode;
			sourceTree = "<group>";
		};
		CEBF433B17227E1B00307DE0 /* Supporting Files */ = {
			isa = PBXGroup;
			children = (
				CEBF433D17227E1B00307DE0 /* InfoPlist.strings */,
				CEBF434017227E1B00307DE0 /* main.m */,
				CEBF434217227E1B00307DE0 /* QRCode-Prefix.pch */,
			);
			name = "Supporting Files";
			sourceTree = "<group>";
		};
		CEBF435F17227E9900307DE0 /* AppInfo */ = {
			isa = PBXGroup;
			children = (
				CEBF436017227E9900307DE0 /* Default-568h@2x.png */,
				CEBF436117227E9900307DE0 /* Default.png */,
				CEBF436217227E9900307DE0 /* Default@2x.png */,
				CEBF436317227E9900307DE0 /* QRCode-Info.plist */,
			);
			path = AppInfo;
			sourceTree = "<group>";
		};
		CEBF436417227E9900307DE0 /* Libs */ = {
			isa = PBXGroup;
			children = (
				CE0D42001723F22700B5F315 /* qrencode */,
				CEBF59C517227FE700307DE0 /* ZXingWidget.xcodeproj */,
			);
			name = Libs;
			path = QRCode/Libs;
			sourceTree = "<group>";
		};
		CEBF436517227E9900307DE0 /* scr */ = {
			isa = PBXGroup;
			children = (
				CEBF436617227E9900307DE0 /* AppDelegate.h */,
				CEBF436717227E9900307DE0 /* AppDelegate.mm */,
				CEBF436817227E9900307DE0 /* ViewController.h */,
				CEBF436917227E9900307DE0 /* ViewController.mm */,
				CED4707717239F2500115CC1 /* FileManager.h */,
				CED4707817239F2500115CC1 /* FileManager.mm */,
				CED4707A1723A18100115CC1 /* CustomeImageView.h */,
				CED4707B1723A18100115CC1 /* CustomeImageView.m */,
				CE0D41F61723D42700B5F315 /* Utilities.h */,
				CE0D41F71723D42700B5F315 /* Utilities.mm */,
			);
			path = scr;
			sourceTree = "<group>";
		};
		CEBF437017227F1600307DE0 /* xib */ = {
			isa = PBXGroup;
			children = (
				CEBF434F17227E1B00307DE0 /* ViewController_iPhone.xib */,
				CEBF435217227E1B00307DE0 /* ViewController_iPad.xib */,
			);
			name = xib;
			sourceTree = "<group>";
		};
		CEBF59DE1722A9D200307DE0 /* Products */ = {
			isa = PBXGroup;
			children = (
				CEBF59E31722A9D200307DE0 /* libZXingWidget.a */,
				CEBF59E51722A9D200307DE0 /* ZXingTests.octest */,
			);
			name = Products;
			sourceTree = "<group>";
		};
		CEBF59E71722B9D000307DE0 /* testData */ = {
			isa = PBXGroup;
			children = (
				CE0D41FE1723F06400B5F315 /* Nguyen Ba Phuoc.png */,
				CE7D7A391722D2F3003A7D22 /* images-2.jpeg */,
				CE7D7A3A1722D2F3003A7D22 /* images-3.jpeg */,
				CE7D7A3B1722D2F3003A7D22 /* images-4.jpeg */,
				CE7D7A3C1722D2F3003A7D22 /* images-5.jpeg */,
				CE7D7A3D1722D2F3003A7D22 /* images-6.jpeg */,
				CE7D7A3E1722D2F3003A7D22 /* images-7.jpeg */,
				CE7D7A3F1722D2F3003A7D22 /* images-8.jpeg */,
				CE7D7A401722D2F3003A7D22 /* images-9.jpeg */,
				CE7D7A411722D2F3003A7D22 /* images-10.jpeg */,
				CE7D7A421722D2F3003A7D22 /* images-11.jpeg */,
				CE7D7A431722D2F3003A7D22 /* images-12.jpeg */,
				CE7D7A441722D2F3003A7D22 /* images-13.jpeg */,
				CE7D7A451722D2F4003A7D22 /* images-14.jpeg */,
				CE7D7A461722D2F4003A7D22 /* images-15.jpeg */,
				CE7D7A471722D2F4003A7D22 /* images-16.jpeg */,
				CE7D7A481722D2F4003A7D22 /* images-17.jpeg */,
				CE7D7A491722D2F4003A7D22 /* images-18.jpeg */,
				CE7D7A4A1722D2F4003A7D22 /* images-19.jpeg */,
				CE7D7A4B1722D2F4003A7D22 /* images-20.jpeg */,
				CE7D7A4C1722D2F4003A7D22 /* images-21.jpeg */,
				CE7D7A371722D11B003A7D22 /* images-1.jpeg */,
				CE7D7A351722D092003A7D22 /* images.jpeg */,
				CEBF59E81722B9D000307DE0 /* james_goodhouse_profile_qrcode.png */,
				CEBF59E91722B9D000307DE0 /* qr-code.jpg */,
				CEBF59EA1722B9D000307DE0 /* qrcode-nguyenBaPhuoc.png */,
				CEBF59EB1722B9D000307DE0 /* QRcodeINDIA.gif */,
			);
			path = testData;
			sourceTree = "<group>";
		};
/* End PBXGroup section */

/* Begin PBXNativeTarget section */
		CEBF432F17227E1B00307DE0 /* QRCode */ = {
			isa = PBXNativeTarget;
			buildConfigurationList = CEBF435717227E1B00307DE0 /* Build configuration list for PBXNativeTarget "QRCode" */;
			buildPhases = (
				CEBF432C17227E1B00307DE0 /* Sources */,
				CEBF432D17227E1B00307DE0 /* Frameworks */,
				CEBF432E17227E1B00307DE0 /* Resources */,
			);
			buildRules = (
			);
			dependencies = (
				CE0D436917242E3D00B5F315 /* PBXTargetDependency */,
			);
			name = QRCode;
			productName = QRCode;
			productReference = CEBF433017227E1B00307DE0 /* QRCode.app */;
			productType = "com.apple.product-type.application";
		};
/* End PBXNativeTarget section */

/* Begin PBXProject section */
		CEBF432717227E1B00307DE0 /* Project object */ = {
			isa = PBXProject;
			attributes = {
				LastUpgradeCheck = 0450;
				ORGANIZATIONNAME = "Nguyen Ba Phuoc";
			};
			buildConfigurationList = CEBF432A17227E1B00307DE0 /* Build configuration list for PBXProject "QRCode" */;
			compatibilityVersion = "Xcode 3.2";
			developmentRegion = English;
			hasScannedForEncodings = 0;
			knownRegions = (
				en,
				de,
				fr,
				sv,
			);
			mainGroup = CEBF432517227E1B00307DE0;
			productRefGroup = CEBF433117227E1B00307DE0 /* Products */;
			projectDirPath = "";
			projectReferences = (
				{
					ProductGroup = CEBF59DE1722A9D200307DE0 /* Products */;
					ProjectRef = CEBF59C517227FE700307DE0 /* ZXingWidget.xcodeproj */;
				},
			);
			projectRoot = "";
			targets = (
				CEBF432F17227E1B00307DE0 /* QRCode */,
			);
		};
/* End PBXProject section */

/* Begin PBXReferenceProxy section */
		CEBF59E31722A9D200307DE0 /* libZXingWidget.a */ = {
			isa = PBXReferenceProxy;
			fileType = archive.ar;
			path = libZXingWidget.a;
			remoteRef = CEBF59E21722A9D200307DE0 /* PBXContainerItemProxy */;
			sourceTree = BUILT_PRODUCTS_DIR;
		};
		CEBF59E51722A9D200307DE0 /* ZXingTests.octest */ = {
			isa = PBXReferenceProxy;
			fileType = wrapper.cfbundle;
			path = ZXingTests.octest;
			remoteRef = CEBF59E41722A9D200307DE0 /* PBXContainerItemProxy */;
			sourceTree = BUILT_PRODUCTS_DIR;
		};
/* End PBXReferenceProxy section */

/* Begin PBXResourcesBuildPhase section */
		CEBF432E17227E1B00307DE0 /* Resources */ = {
			isa = PBXResourcesBuildPhase;
			buildActionMask = 2147483647;
			files = (
				CEBF433F17227E1B00307DE0 /* InfoPlist.strings in Resources */,
				CEBF435117227E1B00307DE0 /* ViewController_iPhone.xib in Resources */,
				CEBF435417227E1B00307DE0 /* ViewController_iPad.xib in Resources */,
				CEBF436A17227E9900307DE0 /* Default-568h@2x.png in Resources */,
				CEBF436B17227E9900307DE0 /* Default.png in Resources */,
				CEBF436C17227E9900307DE0 /* Default@2x.png in Resources */,
				CEBF59EC1722B9D000307DE0 /* james_goodhouse_profile_qrcode.png in Resources */,
				CEBF59ED1722B9D000307DE0 /* qr-code.jpg in Resources */,
				CEBF59EE1722B9D000307DE0 /* qrcode-nguyenBaPhuoc.png in Resources */,
				CEBF59EF1722B9D000307DE0 /* QRcodeINDIA.gif in Resources */,
				CE7D7A361722D092003A7D22 /* images.jpeg in Resources */,
				CE7D7A381722D11B003A7D22 /* images-1.jpeg in Resources */,
				CE7D7A4D1722D2F4003A7D22 /* images-2.jpeg in Resources */,
				CE7D7A4E1722D2F4003A7D22 /* images-3.jpeg in Resources */,
				CE7D7A4F1722D2F4003A7D22 /* images-4.jpeg in Resources */,
				CE7D7A501722D2F4003A7D22 /* images-5.jpeg in Resources */,
				CE7D7A511722D2F4003A7D22 /* images-6.jpeg in Resources */,
				CE7D7A521722D2F4003A7D22 /* images-7.jpeg in Resources */,
				CE7D7A531722D2F4003A7D22 /* images-8.jpeg in Resources */,
				CE7D7A541722D2F4003A7D22 /* images-9.jpeg in Resources */,
				CE7D7A551722D2F4003A7D22 /* images-10.jpeg in Resources */,
				CE7D7A561722D2F4003A7D22 /* images-11.jpeg in Resources */,
				CE7D7A571722D2F4003A7D22 /* images-12.jpeg in Resources */,
				CE7D7A581722D2F4003A7D22 /* images-13.jpeg in Resources */,
				CE7D7A591722D2F4003A7D22 /* images-14.jpeg in Resources */,
				CE7D7A5A1722D2F4003A7D22 /* images-15.jpeg in Resources */,
				CE7D7A5B1722D2F4003A7D22 /* images-16.jpeg in Resources */,
				CE7D7A5C1722D2F4003A7D22 /* images-17.jpeg in Resources */,
				CE7D7A5D1722D2F4003A7D22 /* images-18.jpeg in Resources */,
				CE7D7A5E1722D2F4003A7D22 /* images-19.jpeg in Resources */,
				CE7D7A5F1722D2F4003A7D22 /* images-20.jpeg in Resources */,
				CE7D7A601722D2F4003A7D22 /* images-21.jpeg in Resources */,
				CE0D41FF1723F06400B5F315 /* Nguyen Ba Phuoc.png in Resources */,
			);
			runOnlyForDeploymentPostprocessing = 0;
		};
/* End PBXResourcesBuildPhase section */

/* Begin PBXSourcesBuildPhase section */
		CEBF432C17227E1B00307DE0 /* Sources */ = {
			isa = PBXSourcesBuildPhase;
			buildActionMask = 2147483647;
			files = (
				CEBF434117227E1B00307DE0 /* main.m in Sources */,
				CEBF436E17227E9900307DE0 /* AppDelegate.mm in Sources */,
				CEBF436F17227E9900307DE0 /* ViewController.mm in Sources */,
				CED4707917239F2500115CC1 /* FileManager.mm in Sources */,
				CED4707C1723A18100115CC1 /* CustomeImageView.m in Sources */,
				CE0D41F81723D42700B5F315 /* Utilities.mm in Sources */,
				CE0D42121723F22700B5F315 /* bitstream.c in Sources */,
				CE0D42131723F22700B5F315 /* mask.c in Sources */,
				CE0D42141723F22700B5F315 /* qrencode.c in Sources */,
				CE0D42151723F22700B5F315 /* qrinput.c in Sources */,
				CE0D42161723F22700B5F315 /* qrspec.c in Sources */,
				CE0D42171723F22700B5F315 /* rscode.c in Sources */,
				CE0D42181723F22700B5F315 /* split.c in Sources */,
				CE0D42191723F22700B5F315 /* QRCodeGenerator.m in Sources */,
			);
			runOnlyForDeploymentPostprocessing = 0;
		};
/* End PBXSourcesBuildPhase section */

/* Begin PBXTargetDependency section */
		CE0D436917242E3D00B5F315 /* PBXTargetDependency */ = {
			isa = PBXTargetDependency;
			name = ZXingWidget;
			targetProxy = CE0D436817242E3D00B5F315 /* PBXContainerItemProxy */;
		};
/* End PBXTargetDependency section */

/* Begin PBXVariantGroup section */
		CEBF433D17227E1B00307DE0 /* InfoPlist.strings */ = {
			isa = PBXVariantGroup;
			children = (
				CEBF433E17227E1B00307DE0 /* en */,
			);
			name = InfoPlist.strings;
			sourceTree = "<group>";
		};
		CEBF434F17227E1B00307DE0 /* ViewController_iPhone.xib */ = {
			isa = PBXVariantGroup;
			children = (
				CEBF435017227E1B00307DE0 /* en */,
			);
			name = ViewController_iPhone.xib;
			sourceTree = "<group>";
		};
		CEBF435217227E1B00307DE0 /* ViewController_iPad.xib */ = {
			isa = PBXVariantGroup;
			children = (
				CEBF435317227E1B00307DE0 /* en */,
			);
			name = ViewController_iPad.xib;
			sourceTree = "<group>";
		};
/* End PBXVariantGroup section */

/* Begin XCBuildConfiguration section */
		CEBF435517227E1B00307DE0 /* Debug */ = {
			isa = XCBuildConfiguration;
			buildSettings = {
				ALWAYS_SEARCH_USER_PATHS = NO;
				CLANG_CXX_LANGUAGE_STANDARD = "gnu++0x";
				CLANG_CXX_LIBRARY = "libc++";
				CLANG_WARN_EMPTY_BODY = YES;
				CLANG_WARN__DUPLICATE_METHOD_MATCH = YES;
				"CODE_SIGN_IDENTITY[sdk=iphoneos*]" = "iPhone Developer";
				COPY_PHASE_STRIP = NO;
				GCC_C_LANGUAGE_STANDARD = gnu99;
				GCC_DYNAMIC_NO_PIC = NO;
				GCC_OPTIMIZATION_LEVEL = 0;
				GCC_PREPROCESSOR_DEFINITIONS = (
					"DEBUG=1",
					"$(inherited)",
				);
				GCC_SYMBOLS_PRIVATE_EXTERN = NO;
				GCC_WARN_ABOUT_RETURN_TYPE = YES;
				GCC_WARN_UNINITIALIZED_AUTOS = YES;
				GCC_WARN_UNUSED_VARIABLE = YES;
				HEADER_SEARCH_PATHS = (
					"${SOURCE_ROOT}/QRCode/Libs/zxing/cpp/core/src/",
					"${SOURCE_ROOT}/QRCode/Libs/zxing/iphone/ZXingWidget/Classes/**",
				);
				IPHONEOS_DEPLOYMENT_TARGET = 6.0;
				ONLY_ACTIVE_ARCH = YES;
				SDKROOT = iphoneos;
				TARGETED_DEVICE_FAMILY = "1,2";
				USER_HEADER_SEARCH_PATHS = "";
			};
			name = Debug;
		};
		CEBF435617227E1B00307DE0 /* Release */ = {
			isa = XCBuildConfiguration;
			buildSettings = {
				ALWAYS_SEARCH_USER_PATHS = NO;
				CLANG_CXX_LANGUAGE_STANDARD = "gnu++0x";
				CLANG_CXX_LIBRARY = "libc++";
				CLANG_WARN_EMPTY_BODY = YES;
				CLANG_WARN__DUPLICATE_METHOD_MATCH = YES;
				"CODE_SIGN_IDENTITY[sdk=iphoneos*]" = "iPhone Developer";
				COPY_PHASE_STRIP = YES;
				GCC_C_LANGUAGE_STANDARD = gnu99;
				GCC_WARN_ABOUT_RETURN_TYPE = YES;
				GCC_WARN_UNINITIALIZED_AUTOS = YES;
				GCC_WARN_UNUSED_VARIABLE = YES;
				HEADER_SEARCH_PATHS = (
					"${SOURCE_ROOT}/QRCode/Libs/zxing/cpp/core/src/",
					"${SOURCE_ROOT}/QRCode/Libs/zxing/iphone/ZXingWidget/Classes/**",
				);
				IPHONEOS_DEPLOYMENT_TARGET = 6.0;
				OTHER_CFLAGS = "-DNS_BLOCK_ASSERTIONS=1";
				SDKROOT = iphoneos;
				TARGETED_DEVICE_FAMILY = "1,2";
				USER_HEADER_SEARCH_PATHS = "";
				VALIDATE_PRODUCT = YES;
			};
			name = Release;
		};
		CEBF435817227E1B00307DE0 /* Debug */ = {
			isa = XCBuildConfiguration;
			buildSettings = {
				CLANG_CXX_LANGUAGE_STANDARD = "compiler-default";
				CLANG_CXX_LIBRARY = "compiler-default";
				GCC_C_LANGUAGE_STANDARD = c99;
				GCC_PRECOMPILE_PREFIX_HEADER = YES;
				GCC_PREFIX_HEADER = "QRCode/QRCode-Prefix.pch";
				INFOPLIST_FILE = "$(SRCROOT)/QRCode/AppInfo/QRCode-Info.plist";
				LIBRARY_SEARCH_PATHS = (
					"$(inherited)",
					"\"$(SRCROOT)/QRCode/Libs/zxing/symbian/ZXingBarcodeReader/camerawrapper/epoc32/release/armv5/lib\"",
					"\"$(SRCROOT)/QRCode/Libs/zxing/symbian/ZXingBarcodeReader/camerawrapper/epoc32/release/winscw/udeb\"",
				);
				PRODUCT_NAME = "$(TARGET_NAME)";
				WRAPPER_EXTENSION = app;
			};
			name = Debug;
		};
		CEBF435917227E1B00307DE0 /* Release */ = {
			isa = XCBuildConfiguration;
			buildSettings = {
				CLANG_CXX_LANGUAGE_STANDARD = "compiler-default";
				CLANG_CXX_LIBRARY = "compiler-default";
				GCC_C_LANGUAGE_STANDARD = c99;
				GCC_PRECOMPILE_PREFIX_HEADER = YES;
				GCC_PREFIX_HEADER = "QRCode/QRCode-Prefix.pch";
				INFOPLIST_FILE = "$(SRCROOT)/QRCode/AppInfo/QRCode-Info.plist";
				LIBRARY_SEARCH_PATHS = (
					"$(inherited)",
					"\"$(SRCROOT)/QRCode/Libs/zxing/symbian/ZXingBarcodeReader/camerawrapper/epoc32/release/armv5/lib\"",
					"\"$(SRCROOT)/QRCode/Libs/zxing/symbian/ZXingBarcodeReader/camerawrapper/epoc32/release/winscw/udeb\"",
				);
				PRODUCT_NAME = "$(TARGET_NAME)";
				WRAPPER_EXTENSION = app;
			};
			name = Release;
		};
/* End XCBuildConfiguration section */

/* Begin XCConfigurationList section */
		CEBF432A17227E1B00307DE0 /* Build configuration list for PBXProject "QRCode" */ = {
			isa = XCConfigurationList;
			buildConfigurations = (
				CEBF435517227E1B00307DE0 /* Debug */,
				CEBF435617227E1B00307DE0 /* Release */,
			);
			defaultConfigurationIsVisible = 0;
			defaultConfigurationName = Release;
		};
		CEBF435717227E1B00307DE0 /* Build configuration list for PBXNativeTarget "QRCode" */ = {
			isa = XCConfigurationList;
			buildConfigurations = (
				CEBF435817227E1B00307DE0 /* Debug */,
				CEBF435917227E1B00307DE0 /* Release */,
			);
			defaultConfigurationIsVisible = 0;
			defaultConfigurationName = Release;
		};
/* End XCConfigurationList section */
	};
	rootObject = CEBF432717227E1B00307DE0 /* Project object */;
}
